
Microsoft Visual Studio Solution File, Format Version 12.00
# Visual Studio Version 17
VisualStudioVersion = 17.1.32210.238
MinimumVisualStudioVersion = 10.0.40219.1
Project("{FAE04EC0-301F-11D3-BF4B-00C04F79EFBC}") = "Singly Linked List", "Singly Linked List\Singly Linked List.csproj", "{46D65698-7DC5-4C01-8780-EFA37803B3B7}"
EndProject
Global
	GlobalSection(SolutionConfigurationPlatforms) = preSolution
		Debug|Any CPU = Debug|Any CPU
		Release|Any CPU = Release|Any CPU
	EndGlobalSection
	GlobalSection(ProjectConfigurationPlatforms) = postSolution
		{46D65698-7DC5-4C01-8780-EFA37803B3B7}.Debug|Any CPU.ActiveCfg = Debug|Any CPU
		{46D65698-7DC5-4C01-8780-EFA37803B3B7}.Debug|Any CPU.Build.0 = Debug|Any CPU
		{46D65698-7DC5-4C01-8780-EFA37803B3B7}.Release|Any CPU.ActiveCfg = Release|Any CPU
		{46D65698-7DC5-4C01-8780-EFA37803B3B7}.Release|Any CPU.Build.0 = Release|Any CPU
	EndGlobalSection
	GlobalSection(SolutionProperties) = preSolution
		HideSolutionNode = FALSE
	EndGlobalSection
	GlobalSection(ExtensibilityGlobals) = postSolution
		SolutionGuid = {91A92D25-C3A2-4355-929B-1E8C4BD37912}
	EndGlobalSection
EndGlobal
